<?xml version="1.0" encoding="utf-8"?>
<Project ToolsVersion="4.0" xmlns="http://schemas.microsoft.com/developer/msbuild/2003">
  <ItemGroup>
    <Filter Include="源文件">
      <UniqueIdentifier>{4FC737F1-C7A5-4376-A066-2A32D752A2FF}</UniqueIdentifier>
      <Extensions>cpp;c;cc;cxx;c++;cppm;ixx;def;odl;idl;hpj;bat;asm;asmx</Extensions>
    </Filter>
    <Filter Include="头文件">
      <UniqueIdentifier>{93995380-89BD-4b04-88EB-625FBE52EBFB}</UniqueIdentifier>
      <Extensions>h;hh;hpp;hxx;h++;hm;inl;inc;ipp;xsd</Extensions>
    </Filter>
    <Filter Include="资源文件">
      <UniqueIdentifier>{67DA6AB6-F800-4c08-8B7A-83BB121AAD01}</UniqueIdentifier>
      <Extensions>rc;ico;cur;bmp;dlg;rc2;rct;bin;rgs;gif;jpg;jpeg;jpe;resx;tiff;tif;png;wav;mfcribbon-ms</Extensions>
    </Filter>
    <Filter Include="头文件\utils">
      <UniqueIdentifier>{75cd7cdd-39d7-41fc-9817-1282866fefa2}</UniqueIdentifier>
    </Filter>
    <Filter Include="头文件\cudaAcc">
      <UniqueIdentifier>{b7b4f24e-551d-414a-95a7-296c16eebe75}</UniqueIdentifier>
    </Filter>
    <Filter Include="头文件\cudaAcc\MarchingCubes">
      <UniqueIdentifier>{b024bc3f-f5a1-4107-bd7a-1471a5a9862e}</UniqueIdentifier>
    </Filter>
    <Filter Include="源文件\cudaAcc">
      <UniqueIdentifier>{f3fcb83d-d715-4237-a6a3-45b2c5e8a93b}</UniqueIdentifier>
    </Filter>
    <Filter Include="源文件\cudaAcc\MarchingCubes">
      <UniqueIdentifier>{97202684-eee6-4f5a-aab5-3cd21b7dfcac}</UniqueIdentifier>
    </Filter>
    <Filter Include="头文件\utils\cuda">
      <UniqueIdentifier>{565a5fee-8ec3-487d-8af2-c81b4fbb0fe9}</UniqueIdentifier>
    </Filter>
  </ItemGroup>
  <ItemGroup>
    <ClInclude Include="src\BasicDataType.h">
      <Filter>头文件</Filter>
    </ClInclude>
    <ClInclude Include="src\CollisionDetection.h">
      <Filter>头文件</Filter>
    </ClInclude>
    <ClInclude Include="src\BaseModel.h">
      <Filter>头文件</Filter>
    </ClInclude>
    <ClInclude Include="src\ThinShells.h">
      <Filter>头文件</Filter>
    </ClInclude>
    <ClInclude Include="src\utils\common.hpp">
      <Filter>头文件\utils</Filter>
    </ClInclude>
    <ClInclude Include="src\utils\Timer.hpp">
      <Filter>头文件\utils</Filter>
    </ClInclude>
    <ClInclude Include="src\utils\CMDParser.hpp">
      <Filter>头文件\utils</Filter>
    </ClInclude>
    <ClInclude Include="src\cuAcc\CUDACompute.h">
      <Filter>头文件\cudaAcc</Filter>
    </ClInclude>
    <ClInclude Include="src\SDFHelper.h">
      <Filter>头文件</Filter>
    </ClInclude>
    <ClInclude Include="src\MarchingCubes.hpp">
      <Filter>头文件</Filter>
    </ClInclude>
    <ClInclude Include="src\utils\String.hpp">
      <Filter>头文件\utils</Filter>
    </ClInclude>
    <ClInclude Include="src\utils\Geometry.hpp">
      <Filter>头文件\utils</Filter>
    </ClInclude>
    <ClInclude Include="src\BSpline.hpp">
      <Filter>头文件</Filter>
    </ClInclude>
    <ClInclude Include="src\Octree.h">
      <Filter>头文件</Filter>
    </ClInclude>
    <ClInclude Include="src\cuAcc\MarchingCubes\Define.h">
      <Filter>头文件\cudaAcc\MarchingCubes</Filter>
    </ClInclude>
    <ClInclude Include="src\cuAcc\MarchingCubes\LookTable.h">
      <Filter>头文件\cudaAcc\MarchingCubes</Filter>
    </ClInclude>
    <ClInclude Include="src\cuAcc\MarchingCubes\MarchingCubes.h">
      <Filter>头文件\cudaAcc\MarchingCubes</Filter>
    </ClInclude>
    <ClInclude Include="src\utils\cuda\CUDACheck.cuh">
      <Filter>头文件\utils\cuda</Filter>
    </ClInclude>
    <ClInclude Include="src\utils\cuda\CUDAMacro.h">
      <Filter>头文件\utils\cuda</Filter>
    </ClInclude>
    <ClInclude Include="src\utils\cuda\CUDAMath.hpp">
      <Filter>头文件\utils\cuda</Filter>
    </ClInclude>
  </ItemGroup>
  <ItemGroup>
    <ClCompile Include="src\CollisionDetection.cpp">
      <Filter>源文件</Filter>
    </ClCompile>
    <ClCompile Include="src\main.cpp">
      <Filter>源文件</Filter>
    </ClCompile>
    <ClCompile Include="src\BaseModel.cpp">
      <Filter>源文件</Filter>
    </ClCompile>
    <ClCompile Include="src\ThinShells.cpp">
      <Filter>源文件</Filter>
    </ClCompile>
    <ClCompile Include="src\Octree.cpp">
      <Filter>源文件</Filter>
    </ClCompile>
  </ItemGroup>
  <ItemGroup>
    <None Include="src\utils\CMDParser.inl">
      <Filter>头文件\utils</Filter>
    </None>
  </ItemGroup>
  <ItemGroup>
    <CudaCompile Include="src\cuAcc\CUDACompute.cu">
      <Filter>源文件\cudaAcc</Filter>
    </CudaCompile>
    <CudaCompile Include="src\cuAcc\MarchingCubes\MarchingCubes.cu">
      <Filter>源文件\cudaAcc\MarchingCubes</Filter>
    </CudaCompile>
  </ItemGroup>
</Project>